
Microsoft Visual Studio Solution File, Format Version 12.00
# Visual Studio 15
VisualStudioVersion = 15.0.28307.168
MinimumVisualStudioVersion = 10.0.40219.1
Project("{FAE04EC0-301F-11D3-BF4B-00C04F79EFBC}") = "GenericDelegate", "GenericDelegate\GenericDelegate.csproj", "{A3F35436-548E-4A4F-A878-1326166B60F4}"
EndProject
Project("{FAE04EC0-301F-11D3-BF4B-00C04F79EFBC}") = "ActionAndFuncDelegates", "ActionAndFuncDelegates\ActionAndFuncDelegates.csproj", "{63754506-6608-490A-AD01-AD4E85B7CA90}"
EndProject
Global
	GlobalSection(SolutionConfigurationPlatforms) = preSolution
		Debug|Any CPU = Debug|Any CPU
		Release|Any CPU = Release|Any CPU
	EndGlobalSection
	GlobalSection(ProjectConfigurationPlatforms) = postSolution
		{A3F35436-548E-4A4F-A878-1326166B60F4}.Debug|Any CPU.ActiveCfg = Debug|Any CPU
		{A3F35436-548E-4A4F-A878-1326166B60F4}.Debug|Any CPU.Build.0 = Debug|Any CPU
		{A3F35436-548E-4A4F-A878-1326166B60F4}.Release|Any CPU.ActiveCfg = Release|Any CPU
		{A3F35436-548E-4A4F-A878-1326166B60F4}.Release|Any CPU.Build.0 = Release|Any CPU
		{63754506-6608-490A-AD01-AD4E85B7CA90}.Debug|Any CPU.ActiveCfg = Debug|Any CPU
		{63754506-6608-490A-AD01-AD4E85B7CA90}.Debug|Any CPU.Build.0 = Debug|Any CPU
		{63754506-6608-490A-AD01-AD4E85B7CA90}.Release|Any CPU.ActiveCfg = Release|Any CPU
		{63754506-6608-490A-AD01-AD4E85B7CA90}.Release|Any CPU.Build.0 = Release|Any CPU
	EndGlobalSection
	GlobalSection(SolutionProperties) = preSolution
		HideSolutionNode = FALSE
	EndGlobalSection
	GlobalSection(ExtensibilityGlobals) = postSolution
		SolutionGuid = {80E667BA-DE97-4EFE-9999-0EAAE92F4D19}
	EndGlobalSection
EndGlobal
